
Microsoft Visual Studio Solution File, Format Version 12.00
# Visual Studio Version 17
VisualStudioVersion = 17.14.36518.9
MinimumVisualStudioVersion = 10.0.40219.1
Project("{FAE04EC0-301F-11D3-BF4B-00C04F79EFBC}") = "StorageService", "services\storage\StorageService\StorageService.csproj", "{A67367B0-886D-4666-AAD8-2A6D1F62A7E2}"
EndProject
Project("{FAE04EC0-301F-11D3-BF4B-00C04F79EFBC}") = "AnalyticsService", "services\analytics\AnalyticsService\AnalyticsService.csproj", "{E6DAE5C6-1187-4275-ABF4-196ED0AB36BC}"
EndProject
Global
	GlobalSection(SolutionConfigurationPlatforms) = preSolution
		Debug|Any CPU = Debug|Any CPU
		Release|Any CPU = Release|Any CPU
	EndGlobalSection
	GlobalSection(ProjectConfigurationPlatforms) = postSolution
		{A67367B0-886D-4666-AAD8-2A6D1F62A7E2}.Debug|Any CPU.ActiveCfg = Debug|Any CPU
		{A67367B0-886D-4666-AAD8-2A6D1F62A7E2}.Debug|Any CPU.Build.0 = Debug|Any CPU
		{A67367B0-886D-4666-AAD8-2A6D1F62A7E2}.Release|Any CPU.ActiveCfg = Release|Any CPU
		{A67367B0-886D-4666-AAD8-2A6D1F62A7E2}.Release|Any CPU.Build.0 = Release|Any CPU
		{E6DAE5C6-1187-4275-ABF4-196ED0AB36BC}.Debug|Any CPU.ActiveCfg = Debug|Any CPU
		{E6DAE5C6-1187-4275-ABF4-196ED0AB36BC}.Debug|Any CPU.Build.0 = Debug|Any CPU
		{E6DAE5C6-1187-4275-ABF4-196ED0AB36BC}.Release|Any CPU.ActiveCfg = Release|Any CPU
		{E6DAE5C6-1187-4275-ABF4-196ED0AB36BC}.Release|Any CPU.Build.0 = Release|Any CPU
	EndGlobalSection
	GlobalSection(SolutionProperties) = preSolution
		HideSolutionNode = FALSE
	EndGlobalSection
	GlobalSection(ExtensibilityGlobals) = postSolution
		SolutionGuid = {CC096D6E-A762-4D15-8EB4-69E47599BE8F}
	EndGlobalSection
EndGlobal
