Microsoft Visual Studio Solution File, Format Version 12.00
Project("{FAE04EC0-301F-11D3-BF4B-00C04F79EFBC}") = "AnalyticsService", "services\analytics\AnalyticsService\AnalyticsService.csproj", "{AAAAAAAA-1111-1111-1111-111111111111}"
EndProject
Project("{FAE04EC0-301F-11D3-BF4B-00C04F79EFBC}") = "StorageService", "services\storage\StorageService\StorageService.csproj", "{BBBBBBBB-2222-2222-2222-222222222222}"
EndProject
Global
	GlobalSection(SolutionConfigurationPlatforms) = preSolution
		Debug|Any CPU = Debug|Any CPU
		Release|Any CPU = Release|Any CPU
	EndGlobalSection
	GlobalSection(ProjectConfigurationPlatforms) = postSolution
		{AAAAAAAA-1111-1111-1111-111111111111}.Debug|Any CPU.ActiveCfg = Debug|Any CPU
		{AAAAAAAA-1111-1111-1111-111111111111}.Debug|Any CPU.Build.0 = Debug|Any CPU
		{AAAAAAAA-1111-1111-1111-111111111111}.Release|Any CPU.ActiveCfg = Release|Any CPU
		{AAAAAAAA-1111-1111-1111-111111111111}.Release|Any CPU.Build.0 = Release|Any CPU
		{BBBBBBBB-2222-2222-2222-222222222222}.Debug|Any CPU.ActiveCfg = Debug|Any CPU
		{BBBBBBBB-2222-2222-2222-222222222222}.Debug|Any CPU.Build.0 = Debug|Any CPU
		{BBBBBBBB-2222-2222-2222-222222222222}.Release|Any CPU.ActiveCfg = Release|Any CPU
		{BBBBBBBB-2222-2222-2222-222222222222}.Release|Any CPU.Build.0 = Release|Any CPU
	EndGlobalSection
EndGlobal
